
Microsoft Visual Studio Solution File, Format Version 12.00
# Visual Studio Version 17
VisualStudioVersion = 17.8.34511.84
MinimumVisualStudioVersion = 10.0.40219.1
Project("{FAE04EC0-301F-11D3-BF4B-00C04F79EFBC}") = "Drive.Presentation", "Drive.Presentation\Drive.Presentation.csproj", "{67C638F2-69DE-4018-9F3A-950C8C073383}"
EndProject
Project("{FAE04EC0-301F-11D3-BF4B-00C04F79EFBC}") = "Drive.Domain", "Drive.Domain\Drive.Domain.csproj", "{05E403F2-1576-4CA0-AFAE-2690C95B4108}"
EndProject
Project("{FAE04EC0-301F-11D3-BF4B-00C04F79EFBC}") = "Drive.Data", "Drive.Data\Drive.Data.csproj", "{3E8BBE22-B344-4C46-9F58-7B0B4BAA355C}"
EndProject
Global
	GlobalSection(SolutionConfigurationPlatforms) = preSolution
		Debug|Any CPU = Debug|Any CPU
		Release|Any CPU = Release|Any CPU
	EndGlobalSection
	GlobalSection(ProjectConfigurationPlatforms) = postSolution
		{67C638F2-69DE-4018-9F3A-950C8C073383}.Debug|Any CPU.ActiveCfg = Debug|Any CPU
		{67C638F2-69DE-4018-9F3A-950C8C073383}.Debug|Any CPU.Build.0 = Debug|Any CPU
		{67C638F2-69DE-4018-9F3A-950C8C073383}.Release|Any CPU.ActiveCfg = Release|Any CPU
		{67C638F2-69DE-4018-9F3A-950C8C073383}.Release|Any CPU.Build.0 = Release|Any CPU
		{05E403F2-1576-4CA0-AFAE-2690C95B4108}.Debug|Any CPU.ActiveCfg = Debug|Any CPU
		{05E403F2-1576-4CA0-AFAE-2690C95B4108}.Debug|Any CPU.Build.0 = Debug|Any CPU
		{05E403F2-1576-4CA0-AFAE-2690C95B4108}.Release|Any CPU.ActiveCfg = Release|Any CPU
		{05E403F2-1576-4CA0-AFAE-2690C95B4108}.Release|Any CPU.Build.0 = Release|Any CPU
		{3E8BBE22-B344-4C46-9F58-7B0B4BAA355C}.Debug|Any CPU.ActiveCfg = Debug|Any CPU
		{3E8BBE22-B344-4C46-9F58-7B0B4BAA355C}.Debug|Any CPU.Build.0 = Debug|Any CPU
		{3E8BBE22-B344-4C46-9F58-7B0B4BAA355C}.Release|Any CPU.ActiveCfg = Release|Any CPU
		{3E8BBE22-B344-4C46-9F58-7B0B4BAA355C}.Release|Any CPU.Build.0 = Release|Any CPU
	EndGlobalSection
	GlobalSection(SolutionProperties) = preSolution
		HideSolutionNode = FALSE
	EndGlobalSection
	GlobalSection(ExtensibilityGlobals) = postSolution
		SolutionGuid = {5A0F34FE-94DE-4D94-8787-386875975AB8}
	EndGlobalSection
EndGlobal
